
Microsoft Visual Studio Solution File, Format Version 12.00
# Visual Studio Version 16
VisualStudioVersion = 16.0.29905.134
MinimumVisualStudioVersion = 10.0.40219.1
Project("{FAE04EC0-301F-11D3-BF4B-00C04F79EFBC}") = "PNPU_WS", "WcfService1\PNPU_WS.csproj", "{AA5C88D0-1D30-48EE-9780-06EA073E5FC3}"
EndProject
Project("{FAE04EC0-301F-11D3-BF4B-00C04F79EFBC}") = "WindowsFormsApp1", "WindowsFormsApp1\WindowsFormsApp1.csproj", "{8E869844-5E86-4F60-985B-E1E8DB20B87B}"
	ProjectSection(ProjectDependencies) = postProject
		{AA5C88D0-1D30-48EE-9780-06EA073E5FC3} = {AA5C88D0-1D30-48EE-9780-06EA073E5FC3}
	EndProjectSection
EndProject
Project("{FAE04EC0-301F-11D3-BF4B-00C04F79EFBC}") = "Dispatcher", "Dispatcher\Dispatcher.csproj", "{DCF33920-A770-45F5-9D5C-1F73D61AB8E2}"
EndProject
Project("{FAE04EC0-301F-11D3-BF4B-00C04F79EFBC}") = "PNPUCore", "PNPUCore\PNPUCore.csproj", "{D75D6EA6-79D7-4B08-9968-482AE762DFC5}"
EndProject
Project("{FAE04EC0-301F-11D3-BF4B-00C04F79EFBC}") = "PNPUTools", "PNPUTools\PNPUTools.csproj", "{B0256CA4-BB09-4F83-A5AA-B1017C09607F}"
EndProject
Global
	GlobalSection(SolutionConfigurationPlatforms) = preSolution
		Debug|Any CPU = Debug|Any CPU
		Release|Any CPU = Release|Any CPU
	EndGlobalSection
	GlobalSection(ProjectConfigurationPlatforms) = postSolution
		{AA5C88D0-1D30-48EE-9780-06EA073E5FC3}.Debug|Any CPU.ActiveCfg = Debug|Any CPU
		{AA5C88D0-1D30-48EE-9780-06EA073E5FC3}.Debug|Any CPU.Build.0 = Debug|Any CPU
		{AA5C88D0-1D30-48EE-9780-06EA073E5FC3}.Release|Any CPU.ActiveCfg = Release|Any CPU
		{AA5C88D0-1D30-48EE-9780-06EA073E5FC3}.Release|Any CPU.Build.0 = Release|Any CPU
		{8E869844-5E86-4F60-985B-E1E8DB20B87B}.Debug|Any CPU.ActiveCfg = Debug|Any CPU
		{8E869844-5E86-4F60-985B-E1E8DB20B87B}.Debug|Any CPU.Build.0 = Debug|Any CPU
		{8E869844-5E86-4F60-985B-E1E8DB20B87B}.Release|Any CPU.ActiveCfg = Release|Any CPU
		{8E869844-5E86-4F60-985B-E1E8DB20B87B}.Release|Any CPU.Build.0 = Release|Any CPU
		{DCF33920-A770-45F5-9D5C-1F73D61AB8E2}.Debug|Any CPU.ActiveCfg = Debug|Any CPU
		{DCF33920-A770-45F5-9D5C-1F73D61AB8E2}.Debug|Any CPU.Build.0 = Debug|Any CPU
		{DCF33920-A770-45F5-9D5C-1F73D61AB8E2}.Release|Any CPU.ActiveCfg = Release|Any CPU
		{DCF33920-A770-45F5-9D5C-1F73D61AB8E2}.Release|Any CPU.Build.0 = Release|Any CPU
		{D75D6EA6-79D7-4B08-9968-482AE762DFC5}.Debug|Any CPU.ActiveCfg = Debug|Any CPU
		{D75D6EA6-79D7-4B08-9968-482AE762DFC5}.Debug|Any CPU.Build.0 = Debug|Any CPU
		{D75D6EA6-79D7-4B08-9968-482AE762DFC5}.Release|Any CPU.ActiveCfg = Release|Any CPU
		{D75D6EA6-79D7-4B08-9968-482AE762DFC5}.Release|Any CPU.Build.0 = Release|Any CPU
		{B0256CA4-BB09-4F83-A5AA-B1017C09607F}.Debug|Any CPU.ActiveCfg = Debug|Any CPU
		{B0256CA4-BB09-4F83-A5AA-B1017C09607F}.Debug|Any CPU.Build.0 = Debug|Any CPU
		{B0256CA4-BB09-4F83-A5AA-B1017C09607F}.Release|Any CPU.ActiveCfg = Release|Any CPU
		{B0256CA4-BB09-4F83-A5AA-B1017C09607F}.Release|Any CPU.Build.0 = Release|Any CPU
	EndGlobalSection
	GlobalSection(SolutionProperties) = preSolution
		HideSolutionNode = FALSE
	EndGlobalSection
	GlobalSection(ExtensibilityGlobals) = postSolution
		SolutionGuid = {9EC8F0CC-5FD0-41A0-A116-621882F85885}
	EndGlobalSection
EndGlobal
